{
  "name": "5.4",
  "lockfileVersion": 3,
  "requires": true,
  "packages": {
    "": {
      "dependencies": {
        "types-registry": "^0.1.685"
      },
      "devDependencies": {
        "@types/archiver": "^6.0.2",
        "@types/chart.js": "^2.9.41",
        "@types/domready": "^1.0.2",
        "@types/express": "^4.17.21",
        "@types/express-status-monitor": "^1.3.3",
        "@types/js-yaml": "^4.0.9",
        "@types/lodash": "^4.17.7",
        "@types/module-alias": "^2.0.4",
        "@types/moment-duration-format": "^2.2.6",
        "@types/ms": "^0.7.34",
        "@types/node-fetch": "^2.6.11",
        "@types/node-schedule": "^2.1.7",
        "@types/os-utils": "^0.0.4",
        "@types/uuid": "^10.0.0",
        "@types/voucher-code-generator": "^1.1.3",
        "@types/whatwg-url": "^11.0.5",
        "@types/ws": "^8.5.12"
      }
    },
    "node_modules/@socket.io/component-emitter": {
      "version": "3.1.2",
      "resolved": "https://registry.npmjs.org/@socket.io/component-emitter/-/component-emitter-3.1.2.tgz",
      "integrity": "sha512-9BCxFwvbGg/RsZK9tjXd8s4UcwR0MWeFQ1XEKIQVVvAGJyINdrqKMcTRyLoK8Rse1GjzLV9cwjWV1olXRWEXVA==",
      "dev": true
    },
    "node_modules/@types/archiver": {
      "version": "6.0.2",
      "resolved": "https://registry.npmjs.org/@types/archiver/-/archiver-6.0.2.tgz",
      "integrity": "sha512-KmROQqbQzKGuaAbmK+ZcytkJ51+YqDa7NmbXjmtC5YBLSyQYo21YaUnQ3HbaPFKL1ooo6RQ6OPYPIDyxfpDDXw==",
      "dev": true,
      "dependencies": {
        "@types/readdir-glob": "*"
      }
    },
    "node_modules/@types/body-parser": {
      "version": "1.19.5",
      "resolved": "https://registry.npmjs.org/@types/body-parser/-/body-parser-1.19.5.tgz",
      "integrity": "sha512-fB3Zu92ucau0iQ0JMCFQE7b/dv8Ot07NI3KaZIkIUNXq82k4eBAqUaneXfleGY9JWskeS9y+u0nXMyspcuQrCg==",
      "dev": true,
      "dependencies": {
        "@types/connect": "*",
        "@types/node": "*"
      }
    },
    "node_modules/@types/chart.js": {
      "version": "2.9.41",
      "resolved": "https://registry.npmjs.org/@types/chart.js/-/chart.js-2.9.41.tgz",
      "integrity": "sha512-3dvkDvueckY83UyUXtJMalYoH6faOLkWQoaTlJgB4Djde3oORmNP0Jw85HtzTuXyliUHcdp704s0mZFQKio/KQ==",
      "dev": true,
      "dependencies": {
        "moment": "^2.10.2"
      }
    },
    "node_modules/@types/connect": {
      "version": "3.4.38",
      "resolved": "https://registry.npmjs.org/@types/connect/-/connect-3.4.38.tgz",
      "integrity": "sha512-K6uROf1LD88uDQqJCktA4yzL1YYAK6NgfsI0v/mTgyPKWsX1CnJ0XPSDhViejru1GcRkLWb8RlzFYJRqGUbaug==",
      "dev": true,
      "dependencies": {
        "@types/node": "*"
      }
    },
    "node_modules/@types/domready": {
      "version": "1.0.2",
      "resolved": "https://registry.npmjs.org/@types/domready/-/domready-1.0.2.tgz",
      "integrity": "sha512-OC/Cij8ZxiVnxHMiKmVd3a8YTsQOf1FbIic6g7Xbizod8zCaeUYzYDbno7zEcemgqkl7WVoUoXVcJTqTKHeaPA==",
      "dev": true
    },
    "node_modules/@types/engine.io": {
      "version": "3.1.10",
      "resolved": "https://registry.npmjs.org/@types/engine.io/-/engine.io-3.1.10.tgz",
      "integrity": "sha512-tmuKBF+q3h0nZ075osSKJ55nmvL5lWDjU8+QS/8XZT1YQ4xrxNSW3wXbjeMs8RugGxVpHAEnf9kXiRf7G94acw==",
      "dev": true,
      "dependencies": {
        "@types/node": "*"
      }
    },
    "node_modules/@types/express": {
      "version": "4.17.21",
      "resolved": "https://registry.npmjs.org/@types/express/-/express-4.17.21.tgz",
      "integrity": "sha512-ejlPM315qwLpaQlQDTjPdsUFSc6ZsP4AN6AlWnogPjQ7CVi7PYF3YVz+CY3jE2pwYf7E/7HlDAN0rV2GxTG0HQ==",
      "dev": true,
      "dependencies": {
        "@types/body-parser": "*",
        "@types/express-serve-static-core": "^4.17.33",
        "@types/qs": "*",
        "@types/serve-static": "*"
      }
    },
    "node_modules/@types/express-serve-static-core": {
      "version": "4.19.0",
      "resolved": "https://registry.npmjs.org/@types/express-serve-static-core/-/express-serve-static-core-4.19.0.tgz",
      "integrity": "sha512-bGyep3JqPCRry1wq+O5n7oiBgGWmeIJXPjXXCo8EK0u8duZGSYar7cGqd3ML2JUsLGeB7fmc06KYo9fLGWqPvQ==",
      "dev": true,
      "dependencies": {
        "@types/node": "*",
        "@types/qs": "*",
        "@types/range-parser": "*",
        "@types/send": "*"
      }
    },
    "node_modules/@types/express-status-monitor": {
      "version": "1.3.3",
      "resolved": "https://registry.npmjs.org/@types/express-status-monitor/-/express-status-monitor-1.3.3.tgz",
      "integrity": "sha512-M3eqP7iIMKW8QF/2IzpLmclSY3i/02p23loWyBI9+W+aYo8YUIJcsWMa0JSATeVq0RBlIg3KnVQlkP9Ck07UJQ==",
      "dev": true,
      "dependencies": {
        "@types/express": "*",
        "@types/socket.io": "2.1.13"
      }
    },
    "node_modules/@types/http-errors": {
      "version": "2.0.4",
      "resolved": "https://registry.npmjs.org/@types/http-errors/-/http-errors-2.0.4.tgz",
      "integrity": "sha512-D0CFMMtydbJAegzOyHjtiKPLlvnm3iTZyZRSZoLq2mRhDdmLfIWOCYPfQJ4cu2erKghU++QvjcUjp/5h7hESpA==",
      "dev": true
    },
    "node_modules/@types/js-yaml": {
      "version": "4.0.9",
      "resolved": "https://registry.npmjs.org/@types/js-yaml/-/js-yaml-4.0.9.tgz",
      "integrity": "sha512-k4MGaQl5TGo/iipqb2UDG2UwjXziSWkh0uysQelTlJpX1qGlpUZYm8PnO4DxG1qBomtJUdYJ6qR6xdIah10JLg==",
      "dev": true
    },
    "node_modules/@types/lodash": {
      "version": "4.17.7",
      "resolved": "https://registry.npmjs.org/@types/lodash/-/lodash-4.17.7.tgz",
      "integrity": "sha512-8wTvZawATi/lsmNu10/j2hk1KEP0IvjubqPE3cu1Xz7xfXXt5oCq3SNUz4fMIP4XGF9Ky+Ue2tBA3hcS7LSBlA==",
      "dev": true
    },
    "node_modules/@types/mime": {
      "version": "1.3.5",
      "resolved": "https://registry.npmjs.org/@types/mime/-/mime-1.3.5.tgz",
      "integrity": "sha512-/pyBZWSLD2n0dcHE3hq8s8ZvcETHtEuF+3E7XVt0Ig2nvsVQXdghHVcEkIWjy9A0wKfTn97a/PSDYohKIlnP/w==",
      "dev": true
    },
    "node_modules/@types/module-alias": {
      "version": "2.0.4",
      "resolved": "https://registry.npmjs.org/@types/module-alias/-/module-alias-2.0.4.tgz",
      "integrity": "sha512-5+G/QXO/DvHZw60FjvbDzO4JmlD/nG5m2/vVGt25VN1eeP3w2bCoks1Wa7VuptMPM1TxJdx6RjO70N9Fw0nZPA==",
      "dev": true
    },
    "node_modules/@types/moment-duration-format": {
      "version": "2.2.6",
      "resolved": "https://registry.npmjs.org/@types/moment-duration-format/-/moment-duration-format-2.2.6.tgz",
      "integrity": "sha512-Qw+6ys3sQCatqukjoIBsL1UJq6S7ep4ixrNvDkdViSgzw2ZG3neArXNu3ww7mEG8kwP32ZDoON/esWb7OUckRQ==",
      "dev": true,
      "dependencies": {
        "moment": ">=2.14.0"
      }
    },
    "node_modules/@types/ms": {
      "version": "0.7.34",
      "resolved": "https://registry.npmjs.org/@types/ms/-/ms-0.7.34.tgz",
      "integrity": "sha512-nG96G3Wp6acyAgJqGasjODb+acrI7KltPiRxzHPXnP3NgI28bpQDRv53olbqGXbfcgF5aiiHmO3xpwEpS5Ld9g==",
      "dev": true
    },
    "node_modules/@types/node": {
      "version": "20.12.12",
      "resolved": "https://registry.npmjs.org/@types/node/-/node-20.12.12.tgz",
      "integrity": "sha512-eWLDGF/FOSPtAvEqeRAQ4C8LSA7M1I7i0ky1I8U7kD1J5ITyW3AsRhQrKVoWf5pFKZ2kILsEGJhsI9r93PYnOw==",
      "dev": true,
      "dependencies": {
        "undici-types": "~5.26.4"
      }
    },
    "node_modules/@types/node-fetch": {
      "version": "2.6.11",
      "resolved": "https://registry.npmjs.org/@types/node-fetch/-/node-fetch-2.6.11.tgz",
      "integrity": "sha512-24xFj9R5+rfQJLRyM56qh+wnVSYhyXC2tkoBndtY0U+vubqNsYXGjufB2nn8Q6gt0LrARwL6UBtMCSVCwl4B1g==",
      "dev": true,
      "dependencies": {
        "@types/node": "*",
        "form-data": "^4.0.0"
      }
    },
    "node_modules/@types/node-schedule": {
      "version": "2.1.7",
      "resolved": "https://registry.npmjs.org/@types/node-schedule/-/node-schedule-2.1.7.tgz",
      "integrity": "sha512-G7Z3R9H7r3TowoH6D2pkzUHPhcJrDF4Jz1JOQ80AX0K2DWTHoN9VC94XzFAPNMdbW9TBzMZ3LjpFi7RYdbxtXA==",
      "dev": true,
      "dependencies": {
        "@types/node": "*"
      }
    },
    "node_modules/@types/os-utils": {
      "version": "0.0.4",
      "resolved": "https://registry.npmjs.org/@types/os-utils/-/os-utils-0.0.4.tgz",
      "integrity": "sha512-TdQ/6GHzq8YMsDOXHfit8sDD1VjLnqC61sI7ICocwREw/68V5C/bjex+/Jya3XRD3FgGyj6fhTqhbVrXeh8UJg==",
      "dev": true
    },
    "node_modules/@types/qs": {
      "version": "6.9.15",
      "resolved": "https://registry.npmjs.org/@types/qs/-/qs-6.9.15.tgz",
      "integrity": "sha512-uXHQKES6DQKKCLh441Xv/dwxOq1TVS3JPUMlEqoEglvlhR6Mxnlew/Xq/LRVHpLyk7iK3zODe1qYHIMltO7XGg==",
      "dev": true
    },
    "node_modules/@types/range-parser": {
      "version": "1.2.7",
      "resolved": "https://registry.npmjs.org/@types/range-parser/-/range-parser-1.2.7.tgz",
      "integrity": "sha512-hKormJbkJqzQGhziax5PItDUTMAM9uE2XXQmM37dyd4hVM+5aVl7oVxMVUiVQn2oCQFN/LKCZdvSM0pFRqbSmQ==",
      "dev": true
    },
    "node_modules/@types/readdir-glob": {
      "version": "1.1.5",
      "resolved": "https://registry.npmjs.org/@types/readdir-glob/-/readdir-glob-1.1.5.tgz",
      "integrity": "sha512-raiuEPUYqXu+nvtY2Pe8s8FEmZ3x5yAH4VkLdihcPdalvsHltomrRC9BzuStrJ9yk06470hS0Crw0f1pXqD+Hg==",
      "dev": true,
      "dependencies": {
        "@types/node": "*"
      }
    },
    "node_modules/@types/send": {
      "version": "0.17.4",
      "resolved": "https://registry.npmjs.org/@types/send/-/send-0.17.4.tgz",
      "integrity": "sha512-x2EM6TJOybec7c52BX0ZspPodMsQUd5L6PRwOunVyVUhXiBSKf3AezDL8Dgvgt5o0UfKNfuA0eMLr2wLT4AiBA==",
      "dev": true,
      "dependencies": {
        "@types/mime": "^1",
        "@types/node": "*"
      }
    },
    "node_modules/@types/serve-static": {
      "version": "1.15.7",
      "resolved": "https://registry.npmjs.org/@types/serve-static/-/serve-static-1.15.7.tgz",
      "integrity": "sha512-W8Ym+h8nhuRwaKPaDw34QUkwsGi6Rc4yYqvKFo5rm2FUEhCFbzVWrxXUxuKK8TASjWsysJY0nsmNCGhCOIsrOw==",
      "dev": true,
      "dependencies": {
        "@types/http-errors": "*",
        "@types/node": "*",
        "@types/send": "*"
      }
    },
    "node_modules/@types/socket.io": {
      "version": "2.1.13",
      "resolved": "https://registry.npmjs.org/@types/socket.io/-/socket.io-2.1.13.tgz",
      "integrity": "sha512-JRgH3nCgsWel4OPANkhH8TelpXvacAJ9VeryjuqCDiaVDMpLysd6sbt0dr6Z15pqH3p2YpOT3T1C5vQ+O/7uyg==",
      "dev": true,
      "dependencies": {
        "@types/engine.io": "*",
        "@types/node": "*",
        "@types/socket.io-parser": "*"
      }
    },
    "node_modules/@types/socket.io-parser": {
      "version": "3.0.0",
      "resolved": "https://registry.npmjs.org/@types/socket.io-parser/-/socket.io-parser-3.0.0.tgz",
      "integrity": "sha512-Ry/rbTE6HQNL9eu3LpL1Ocup5VexXu1bSSGlSho/IR5LuRc8YvxwSNJ3JxqTltVJEATLbZkMQETSbxfKNgp4Ew==",
      "deprecated": "This is a stub types definition. socket.io-parser provides its own type definitions, so you do not need this installed.",
      "dev": true,
      "dependencies": {
        "socket.io-parser": "*"
      }
    },
    "node_modules/@types/uuid": {
      "version": "10.0.0",
      "resolved": "https://registry.npmjs.org/@types/uuid/-/uuid-10.0.0.tgz",
      "integrity": "sha512-7gqG38EyHgyP1S+7+xomFtL+ZNHcKv6DwNaCZmJmo1vgMugyF3TCnXVg4t1uk89mLNwnLtnY3TpOpCOyp1/xHQ==",
      "dev": true
    },
    "node_modules/@types/voucher-code-generator": {
      "version": "1.1.3",
      "resolved": "https://registry.npmjs.org/@types/voucher-code-generator/-/voucher-code-generator-1.1.3.tgz",
      "integrity": "sha512-oLAE0kPfw83pXeEOQED1AVK7yOP6tDliEYJQrb2o+6xrMxAUzLYvfH+SqVtBcIdq2fz+bibdEMqhyzz68QfvZA==",
      "dev": true
    },
    "node_modules/@types/webidl-conversions": {
      "version": "7.0.3",
      "resolved": "https://registry.npmjs.org/@types/webidl-conversions/-/webidl-conversions-7.0.3.tgz",
      "integrity": "sha512-CiJJvcRtIgzadHCYXw7dqEnMNRjhGZlYK05Mj9OyktqV8uVT8fD2BFOB7S1uwBE3Kj2Z+4UyPmFw/Ixgw/LAlA==",
      "dev": true
    },
    "node_modules/@types/whatwg-url": {
      "version": "11.0.5",
      "resolved": "https://registry.npmjs.org/@types/whatwg-url/-/whatwg-url-11.0.5.tgz",
      "integrity": "sha512-coYR071JRaHa+xoEvvYqvnIHaVqaYrLPbsufM9BF63HkwI5Lgmy2QR8Q5K/lYDYo5AK82wOvSOS0UsLTpTG7uQ==",
      "dev": true,
      "dependencies": {
        "@types/webidl-conversions": "*"
      }
    },
    "node_modules/@types/ws": {
      "version": "8.5.12",
      "resolved": "https://registry.npmjs.org/@types/ws/-/ws-8.5.12.tgz",
      "integrity": "sha512-3tPRkv1EtkDpzlgyKyI8pGsGZAGPEaXeu0DOj5DI25Ja91bdAYddYHbADRYVrZMRbfW+1l5YwXVDKohDJNQxkQ==",
      "dev": true,
      "dependencies": {
        "@types/node": "*"
      }
    },
    "node_modules/asynckit": {
      "version": "0.4.0",
      "resolved": "https://registry.npmjs.org/asynckit/-/asynckit-0.4.0.tgz",
      "integrity": "sha512-Oei9OH4tRh0YqU3GxhX79dM/mwVgvbZJaSNaRk+bshkj0S5cfHcgYakreBjrHwatXKbz+IoIdYLxrKim2MjW0Q==",
      "dev": true
    },
    "node_modules/combined-stream": {
      "version": "1.0.8",
      "resolved": "https://registry.npmjs.org/combined-stream/-/combined-stream-1.0.8.tgz",
      "integrity": "sha512-FQN4MRfuJeHf7cBbBMJFXhKSDq+2kAArBlmRBvcvFE5BB1HZKXtSFASDhdlz9zOYwxh8lDdnvmMOe/+5cdoEdg==",
      "dev": true,
      "dependencies": {
        "delayed-stream": "~1.0.0"
      },
      "engines": {
        "node": ">= 0.8"
      }
    },
    "node_modules/debug": {
      "version": "4.3.4",
      "resolved": "https://registry.npmjs.org/debug/-/debug-4.3.4.tgz",
      "integrity": "sha512-PRWFHuSU3eDtQJPvnNY7Jcket1j0t5OuOsFzPPzsekD52Zl8qUfFIPEiswXqIvHWGVHOgX+7G/vCNNhehwxfkQ==",
      "dev": true,
      "dependencies": {
        "ms": "2.1.2"
      },
      "engines": {
        "node": ">=6.0"
      },
      "peerDependenciesMeta": {
        "supports-color": {
          "optional": true
        }
      }
    },
    "node_modules/delayed-stream": {
      "version": "1.0.0",
      "resolved": "https://registry.npmjs.org/delayed-stream/-/delayed-stream-1.0.0.tgz",
      "integrity": "sha512-ZySD7Nf91aLB0RxL4KGrKHBXl7Eds1DAmEdcoVawXnLD7SDhpNgtuII2aAkg7a7QS41jxPSZ17p4VdGnMHk3MQ==",
      "dev": true,
      "engines": {
        "node": ">=0.4.0"
      }
    },
    "node_modules/form-data": {
      "version": "4.0.0",
      "resolved": "https://registry.npmjs.org/form-data/-/form-data-4.0.0.tgz",
      "integrity": "sha512-ETEklSGi5t0QMZuiXoA/Q6vcnxcLQP5vdugSpuAyi6SVGi2clPPp+xgEhuMaHC+zGgn31Kd235W35f7Hykkaww==",
      "dev": true,
      "dependencies": {
        "asynckit": "^0.4.0",
        "combined-stream": "^1.0.8",
        "mime-types": "^2.1.12"
      },
      "engines": {
        "node": ">= 6"
      }
    },
    "node_modules/mime-db": {
      "version": "1.52.0",
      "resolved": "https://registry.npmjs.org/mime-db/-/mime-db-1.52.0.tgz",
      "integrity": "sha512-sPU4uV7dYlvtWJxwwxHD0PuihVNiE7TyAbQ5SWxDCB9mUYvOgroQOwYQQOKPJ8CIbE+1ETVlOoK1UC2nU3gYvg==",
      "dev": true,
      "engines": {
        "node": ">= 0.6"
      }
    },
    "node_modules/mime-types": {
      "version": "2.1.35",
      "resolved": "https://registry.npmjs.org/mime-types/-/mime-types-2.1.35.tgz",
      "integrity": "sha512-ZDY+bPm5zTTF+YpCrAU9nK0UgICYPT0QtT1NZWFv4s++TNkcgVaT0g6+4R2uI4MjQjzysHB1zxuWL50hzaeXiw==",
      "dev": true,
      "dependencies": {
        "mime-db": "1.52.0"
      },
      "engines": {
        "node": ">= 0.6"
      }
    },
    "node_modules/moment": {
      "version": "2.30.1",
      "resolved": "https://registry.npmjs.org/moment/-/moment-2.30.1.tgz",
      "integrity": "sha512-uEmtNhbDOrWPFS+hdjFCBfy9f2YoyzRpwcl+DqpC6taX21FzsTLQVbMV/W7PzNSX6x/bhC1zA3c2UQ5NzH6how==",
      "dev": true,
      "engines": {
        "node": "*"
      }
    },
    "node_modules/ms": {
      "version": "2.1.2",
      "resolved": "https://registry.npmjs.org/ms/-/ms-2.1.2.tgz",
      "integrity": "sha512-sGkPx+VjMtmA6MX27oA4FBFELFCZZ4S4XqeGOXCv68tT+jb3vk/RyaKWP0PTKyWtmLSM0b+adUTEvbs1PEaH2w==",
      "dev": true
    },
    "node_modules/socket.io-parser": {
      "version": "4.2.4",
      "resolved": "https://registry.npmjs.org/socket.io-parser/-/socket.io-parser-4.2.4.tgz",
      "integrity": "sha512-/GbIKmo8ioc+NIWIhwdecY0ge+qVBSMdgxGygevmdHj24bsfgtCmcUUcQ5ZzcylGFHsN3k4HB4Cgkl96KVnuew==",
      "dev": true,
      "dependencies": {
        "@socket.io/component-emitter": "~3.1.0",
        "debug": "~4.3.1"
      },
      "engines": {
        "node": ">=10.0.0"
      }
    },
    "node_modules/types-registry": {
      "version": "0.1.685",
      "resolved": "https://registry.npmjs.org/types-registry/-/types-registry-0.1.685.tgz",
      "integrity": "sha512-dC3Nqu/q2Ey8Jj/YV0plEub0oycMiu3VaAf+tf8X5uhtiRS4iF1BubY5cra1LIaKr+fTblxQvoVAYIPeVj1A9g=="
    },
    "node_modules/undici-types": {
      "version": "5.26.5",
      "resolved": "https://registry.npmjs.org/undici-types/-/undici-types-5.26.5.tgz",
      "integrity": "sha512-JlCMO+ehdEIKqlFxk6IfVoAUVmgz7cU7zD/h9XZ0qzeosSHmUJVOzSQvvYSYWXkFXC+IfLKSIffhv0sVZup6pA==",
      "dev": true
    }
  }
}
